PODS:
  - Alamofire (4.9.1)
  - ModelMapper (10.0.0):
    - ModelMapper/Core (= 10.0.0)
  - ModelMapper/Core (10.0.0)
  - Moya (13.0.1):
    - Moya/Core (= 13.0.1)
  - Moya-ModelMapper/Core (9.0.0):
    - ModelMapper (~> 10.0)
    - Moya (~> 13.0)
  - Moya-ModelMapper/RxSwift (9.0.0):
    - Moya-ModelMapper/Core
    - Moya/RxSwift (~> 13.0)
    - RxSwift
  - Moya/Core (13.0.1):
    - Alamofire (~> 4.1)
    - Result (~> 4.1)
  - Moya/RxSwift (13.0.1):
    - Moya/Core
    - RxSwift (~> 4.0)
  - Result (4.1.0)
  - RxCocoa (4.5.0):
    - RxSwift (>= 4.4.2, ~> 4.4)
  - RxSwift (4.5.0)
  - SDWebImage (5.7.3):
    - SDWebImage/Core (= 5.7.3)
  - SDWebImage/Core (5.7.3)
  - SwiftyJSON (5.0.0)

DEPENDENCIES:
  - Moya-ModelMapper/RxSwift (~> 9.0)
  - Moya/RxSwift
  - RxCocoa
  - RxSwift
  - SDWebImage
  - SwiftyJSON

SPEC REPOS:
  trunk:
    - Alamofire
    - ModelMapper
    - Moya
    - Moya-ModelMapper
    - Result
    - RxCocoa
    - RxSwift
    - SDWebImage
    - SwiftyJSON

SPEC CHECKSUMS:
  Alamofire: 85e8a02c69d6020a0d734f6054870d7ecb75cf18
  ModelMapper: a8dbf2a2003bf626627b9fe7c9a22b3405a30404
  Moya: f4a4b80ff2f8a4ffc208dfb31cd91636622fee6e
  Moya-ModelMapper: 4948625af7fc5eef41ad9fdfe0c3517170b50960
  Result: bd966fac789cc6c1563440b348ab2598cc24d5c7
  RxCocoa: cbf70265dc65a981d4ac982e513c10cf23df24a0
  RxSwift: f172070dfd1a93d70a9ab97a5a01166206e1c575
  SDWebImage: 97351f6582ceca541ea294ba66a1fcb342a331c2
  SwiftyJSON: 36413e04c44ee145039d332b4f4e2d3e8d6c4db7

PODFILE CHECKSUM: 894d568801ac2361d5ae1caaed9a3ba19ea52814

COCOAPODS: 1.8.3
